<?xml version="1.0"?>
<CONFIG>
  <ProjectOptions>
    <Version Value="9"/>
    <General>
      <Flags>
        <MainUnitHasCreateFormStatements Value="False"/>
      </Flags>
      <SessionStorage Value="InProjectDir"/>
      <MainUnit Value="0"/>
      <Title Value="My Application"/>
      <UseAppBundle Value="False"/>
      <ResourceType Value="res"/>
    </General>
    <i18n>
      <EnableI18N LFM="False"/>
    </i18n>
    <VersionInfo>
      <StringTable ProductVersion=""/>
    </VersionInfo>
    <BuildModes Count="1">
      <Item1 Name="Default" Default="True"/>
    </BuildModes>
    <PublishOptions>
      <Version Value="2"/>
      <IncludeFileFilter Value="*.(pas|pp|inc|lfm|lpr|lrs|lpi|lpk|sh|xml)"/>
      <ExcludeFileFilter Value="*.(bak|ppu|o|so);*~;backup"/>
    </PublishOptions>
    <RunParams>
      <local>
        <FormatVersion Value="1"/>
        <LaunchingApplication PathPlusParams="/usr/bin/xterm -T 'Lazarus Run Output' -e $(LazarusDir)/tools/runwait.sh $(TargetCmdLine)"/>
      </local>
    </RunParams>
    <Units Count="12">
      <Unit0>
        <Filename Value="project1.lpr"/>
        <IsPartOfProject Value="True"/>
        <UnitName Value="project1"/>
      </Unit0>
      <Unit1>
        <Filename Value="objects/core.pas"/>
        <IsPartOfProject Value="True"/>
        <UnitName Value="core"/>
      </Unit1>
      <Unit2>
        <Filename Value="objects/biological.pas"/>
        <IsPartOfProject Value="True"/>
        <UnitName Value="biological"/>
      </Unit2>
      <Unit3>
        <Filename Value="objects/mechanical.pas"/>
        <IsPartOfProject Value="True"/>
        <UnitName Value="mechanical"/>
      </Unit3>
      <Unit4>
        <Filename Value="objects/human.pas"/>
        <IsPartOfProject Value="True"/>
        <UnitName Value="human"/>
      </Unit4>
      <Unit5>
        <Filename Value="objects/unit1.pas"/>
        <IsPartOfProject Value="True"/>
        <UnitName Value="Unit1"/>
      </Unit5>
      <Unit6>
        <Filename Value="objects/robot.pas"/>
        <IsPartOfProject Value="True"/>
        <UnitName Value="robot"/>
      </Unit6>
      <Unit7>
        <Filename Value="objects/vehicle.pas"/>
        <IsPartOfProject Value="True"/>
        <UnitName Value="vehicle"/>
      </Unit7>
      <Unit8>
        <Filename Value="objects/industrialrobot.pas"/>
        <IsPartOfProject Value="True"/>
        <UnitName Value="industrialrobot"/>
      </Unit8>
      <Unit9>
        <Filename Value="objects/painterrobot.pas"/>
        <IsPartOfProject Value="True"/>
        <UnitName Value="painterrobot"/>
      </Unit9>
      <Unit10>
        <Filename Value="interfaces/drawable.pas"/>
        <IsPartOfProject Value="True"/>
        <UnitName Value="drawable"/>
      </Unit10>
      <Unit11>
        <Filename Value="objects/canvasobject.pas"/>
        <IsPartOfProject Value="True"/>
        <UnitName Value="canvasobject"/>
      </Unit11>
    </Units>
  </ProjectOptions>
  <CompilerOptions>
    <Version Value="11"/>
    <Target>
      <Filename Value="project1"/>
    </Target>
    <SearchPaths>
      <IncludeFiles Value="$(ProjOutDir)"/>
      <OtherUnitFiles Value="objects;interfaces"/>
      <UnitOutputDirectory Value="lib/$(TargetCPU)-$(TargetOS)"/>
    </SearchPaths>
    <Other>
      <CompilerMessages>
        <MsgFileName Value=""/>
      </CompilerMessages>
      <CompilerPath Value="$(CompPath)"/>
    </Other>
  </CompilerOptions>
  <Debugging>
    <Exceptions Count="3">
      <Item1>
        <Name Value="EAbort"/>
      </Item1>
      <Item2>
        <Name Value="ECodetoolError"/>
      </Item2>
      <Item3>
        <Name Value="EFOpenError"/>
      </Item3>
    </Exceptions>
  </Debugging>
</CONFIG>
